{
  "object": {
    "pins": [
      {
        "package": "DSFAppearanceManager",
        "repositoryURL": "https://github.com/dagronf/DSFAppearanceManager",
        "state": {
          "branch": null,
          "revision": "8f3f97208746f1ad4d3963754b8534f2da07dcaf",
          "version": "3.4.2"
        }
      }
    ]
  },
  "version": 1
}
