// !$*UTF8*$!
{
	archiveVersion = 1;
	classes = {
	};
	objectVersion = 50;
	objects = {

/* Begin PBXBuildFile section */
		234976652559EAC000FDFB40 /* AppDelegate.swift in Sources */ = {isa = PBXBuildFile; fileRef = 234976642559EAC000FDFB40 /* AppDelegate.swift */; };
		234976672559EAC000FDFB40 /* ViewController.swift in Sources */ = {isa = PBXBuildFile; fileRef = 234976662559EAC000FDFB40 /* ViewController.swift */; };
		234976692559EAC000FDFB40 /* Assets.xcassets in Resources */ = {isa = PBXBuildFile; fileRef = 234976682559EAC000FDFB40 /* Assets.xcassets */; };
		2349766C2559EAC000FDFB40 /* Main.storyboard in Resources */ = {isa = PBXBuildFile; fileRef = 2349766A2559EAC000FDFB40 /* Main.storyboard */; };
		2393EE02255B391F00AEB226 /* DSFStepperView+utils.swift in Sources */ = {isa = PBXBuildFile; fileRef = 2393EDFE255B391F00AEB226 /* DSFStepperView+utils.swift */; };
		2393EE03255B391F00AEB226 /* DSFStepperView+localization.swift in Sources */ = {isa = PBXBuildFile; fileRef = 2393EDFF255B391F00AEB226 /* DSFStepperView+localization.swift */; };
		2393EE04255B391F00AEB226 /* DSFStepperView.swift in Sources */ = {isa = PBXBuildFile; fileRef = 2393EE00255B391F00AEB226 /* DSFStepperView.swift */; };
		2393EE05255B391F00AEB226 /* DSFStepperView+textfield.swift in Sources */ = {isa = PBXBuildFile; fileRef = 2393EE01255B391F00AEB226 /* DSFStepperView+textfield.swift */; };
		23CD9748255E071F00DF00D6 /* AppDelegate.swift in Sources */ = {isa = PBXBuildFile; fileRef = 23CD9747255E071F00DF00D6 /* AppDelegate.swift */; };
		23CD974A255E071F00DF00D6 /* ContentView.swift in Sources */ = {isa = PBXBuildFile; fileRef = 23CD9749255E071F00DF00D6 /* ContentView.swift */; };
		23CD974C255E072100DF00D6 /* Assets.xcassets in Resources */ = {isa = PBXBuildFile; fileRef = 23CD974B255E072100DF00D6 /* Assets.xcassets */; };
		23CD974F255E072100DF00D6 /* Preview Assets.xcassets in Resources */ = {isa = PBXBuildFile; fileRef = 23CD974E255E072100DF00D6 /* Preview Assets.xcassets */; };
		23CD9752255E072100DF00D6 /* Main.storyboard in Resources */ = {isa = PBXBuildFile; fileRef = 23CD9750255E072100DF00D6 /* Main.storyboard */; };
		23CD975D255E079200DF00D6 /* DSFStepperView+SwiftUI.swift in Sources */ = {isa = PBXBuildFile; fileRef = 23CD975C255E079200DF00D6 /* DSFStepperView+SwiftUI.swift */; };
		23CD9766255E07F800DF00D6 /* DSFStepperView.swift in Sources */ = {isa = PBXBuildFile; fileRef = 23CD9761255E07F800DF00D6 /* DSFStepperView.swift */; };
		23CD9767255E07F800DF00D6 /* DSFStepperView+SwiftUI.swift in Sources */ = {isa = PBXBuildFile; fileRef = 23CD9762255E07F800DF00D6 /* DSFStepperView+SwiftUI.swift */; };
		23CD9768255E07F800DF00D6 /* DSFStepperView+utils.swift in Sources */ = {isa = PBXBuildFile; fileRef = 23CD9763255E07F800DF00D6 /* DSFStepperView+utils.swift */; };
		23CD9769255E07F800DF00D6 /* DSFStepperView+textfield.swift in Sources */ = {isa = PBXBuildFile; fileRef = 23CD9764255E07F800DF00D6 /* DSFStepperView+textfield.swift */; };
		23CD976A255E07F800DF00D6 /* DSFStepperView+localization.swift in Sources */ = {isa = PBXBuildFile; fileRef = 23CD9765255E07F800DF00D6 /* DSFStepperView+localization.swift */; };
/* End PBXBuildFile section */

/* Begin PBXFileReference section */
		234976612559EAC000FDFB40 /* DSFStepperField Demo.app */ = {isa = PBXFileReference; explicitFileType = wrapper.application; includeInIndex = 0; path = "DSFStepperField Demo.app"; sourceTree = BUILT_PRODUCTS_DIR; };
		234976642559EAC000FDFB40 /* AppDelegate.swift */ = {isa = PBXFileReference; lastKnownFileType = sourcecode.swift; path = AppDelegate.swift; sourceTree = "<group>"; };
		234976662559EAC000FDFB40 /* ViewController.swift */ = {isa = PBXFileReference; lastKnownFileType = sourcecode.swift; path = ViewController.swift; sourceTree = "<group>"; };
		234976682559EAC000FDFB40 /* Assets.xcassets */ = {isa = PBXFileReference; lastKnownFileType = folder.assetcatalog; path = Assets.xcassets; sourceTree = "<group>"; };
		2349766B2559EAC000FDFB40 /* Base */ = {isa = PBXFileReference; lastKnownFileType = file.storyboard; name = Base; path = Base.lproj/Main.storyboard; sourceTree = "<group>"; };
		2349766D2559EAC000FDFB40 /* Info.plist */ = {isa = PBXFileReference; lastKnownFileType = text.plist.xml; path = Info.plist; sourceTree = "<group>"; };
		2349766E2559EAC000FDFB40 /* DSFStepperField_Demo.entitlements */ = {isa = PBXFileReference; lastKnownFileType = text.plist.entitlements; path = DSFStepperField_Demo.entitlements; sourceTree = "<group>"; };
		2393EDFE255B391F00AEB226 /* DSFStepperView+utils.swift */ = {isa = PBXFileReference; fileEncoding = 4; lastKnownFileType = sourcecode.swift; name = "DSFStepperView+utils.swift"; path = "../../../Sources/DSFStepperView/DSFStepperView+utils.swift"; sourceTree = "<group>"; };
		2393EDFF255B391F00AEB226 /* DSFStepperView+localization.swift */ = {isa = PBXFileReference; fileEncoding = 4; lastKnownFileType = sourcecode.swift; name = "DSFStepperView+localization.swift"; path = "../../../Sources/DSFStepperView/DSFStepperView+localization.swift"; sourceTree = "<group>"; };
		2393EE00255B391F00AEB226 /* DSFStepperView.swift */ = {isa = PBXFileReference; fileEncoding = 4; lastKnownFileType = sourcecode.swift; name = DSFStepperView.swift; path = ../../../Sources/DSFStepperView/DSFStepperView.swift; sourceTree = "<group>"; };
		2393EE01255B391F00AEB226 /* DSFStepperView+textfield.swift */ = {isa = PBXFileReference; fileEncoding = 4; lastKnownFileType = sourcecode.swift; name = "DSFStepperView+textfield.swift"; path = "../../../Sources/DSFStepperView/DSFStepperView+textfield.swift"; sourceTree = "<group>"; };
		23CD9745255E071F00DF00D6 /* DSFStepperView SwiftUI Demo.app */ = {isa = PBXFileReference; explicitFileType = wrapper.application; includeInIndex = 0; path = "DSFStepperView SwiftUI Demo.app"; sourceTree = BUILT_PRODUCTS_DIR; };
		23CD9747255E071F00DF00D6 /* AppDelegate.swift */ = {isa = PBXFileReference; lastKnownFileType = sourcecode.swift; path = AppDelegate.swift; sourceTree = "<group>"; };
		23CD9749255E071F00DF00D6 /* ContentView.swift */ = {isa = PBXFileReference; lastKnownFileType = sourcecode.swift; path = ContentView.swift; sourceTree = "<group>"; };
		23CD974B255E072100DF00D6 /* Assets.xcassets */ = {isa = PBXFileReference; lastKnownFileType = folder.assetcatalog; path = Assets.xcassets; sourceTree = "<group>"; };
		23CD974E255E072100DF00D6 /* Preview Assets.xcassets */ = {isa = PBXFileReference; lastKnownFileType = folder.assetcatalog; path = "Preview Assets.xcassets"; sourceTree = "<group>"; };
		23CD9751255E072100DF00D6 /* Base */ = {isa = PBXFileReference; lastKnownFileType = file.storyboard; name = Base; path = Base.lproj/Main.storyboard; sourceTree = "<group>"; };
		23CD9753255E072100DF00D6 /* Info.plist */ = {isa = PBXFileReference; lastKnownFileType = text.plist.xml; path = Info.plist; sourceTree = "<group>"; };
		23CD9754255E072100DF00D6 /* DSFStepperView_SwiftUI_Demo.entitlements */ = {isa = PBXFileReference; lastKnownFileType = text.plist.entitlements; path = DSFStepperView_SwiftUI_Demo.entitlements; sourceTree = "<group>"; };
		23CD975C255E079200DF00D6 /* DSFStepperView+SwiftUI.swift */ = {isa = PBXFileReference; fileEncoding = 4; lastKnownFileType = sourcecode.swift; name = "DSFStepperView+SwiftUI.swift"; path = "../../../Sources/DSFStepperView/DSFStepperView+SwiftUI.swift"; sourceTree = "<group>"; };
		23CD9761255E07F800DF00D6 /* DSFStepperView.swift */ = {isa = PBXFileReference; fileEncoding = 4; lastKnownFileType = sourcecode.swift; name = DSFStepperView.swift; path = ../../../Sources/DSFStepperView/DSFStepperView.swift; sourceTree = "<group>"; };
		23CD9762255E07F800DF00D6 /* DSFStepperView+SwiftUI.swift */ = {isa = PBXFileReference; fileEncoding = 4; lastKnownFileType = sourcecode.swift; name = "DSFStepperView+SwiftUI.swift"; path = "../../../Sources/DSFStepperView/DSFStepperView+SwiftUI.swift"; sourceTree = "<group>"; };
		23CD9763255E07F800DF00D6 /* DSFStepperView+utils.swift */ = {isa = PBXFileReference; fileEncoding = 4; lastKnownFileType = sourcecode.swift; name = "DSFStepperView+utils.swift"; path = "../../../Sources/DSFStepperView/DSFStepperView+utils.swift"; sourceTree = "<group>"; };
		23CD9764255E07F800DF00D6 /* DSFStepperView+textfield.swift */ = {isa = PBXFileReference; fileEncoding = 4; lastKnownFileType = sourcecode.swift; name = "DSFStepperView+textfield.swift"; path = "../../../Sources/DSFStepperView/DSFStepperView+textfield.swift"; sourceTree = "<group>"; };
		23CD9765255E07F800DF00D6 /* DSFStepperView+localization.swift */ = {isa = PBXFileReference; fileEncoding = 4; lastKnownFileType = sourcecode.swift; name = "DSFStepperView+localization.swift"; path = "../../../Sources/DSFStepperView/DSFStepperView+localization.swift"; sourceTree = "<group>"; };
/* End PBXFileReference section */

/* Begin PBXFrameworksBuildPhase section */
		2349765E2559EAC000FDFB40 /* Frameworks */ = {
			isa = PBXFrameworksBuildPhase;
			buildActionMask = 2147483647;
			files = (
			);
			runOnlyForDeploymentPostprocessing = 0;
		};
		23CD9742255E071F00DF00D6 /* Frameworks */ = {
			isa = PBXFrameworksBuildPhase;
			buildActionMask = 2147483647;
			files = (
			);
			runOnlyForDeploymentPostprocessing = 0;
		};
/* End PBXFrameworksBuildPhase section */

/* Begin PBXGroup section */
		234976582559EAC000FDFB40 = {
			isa = PBXGroup;
			children = (
				234976632559EAC000FDFB40 /* DSFStepperField Demo */,
				23CD9746255E071F00DF00D6 /* DSFStepperView SwiftUI Demo */,
				234976622559EAC000FDFB40 /* Products */,
				234976782559EAEA00FDFB40 /* Frameworks */,
			);
			sourceTree = "<group>";
		};
		234976622559EAC000FDFB40 /* Products */ = {
			isa = PBXGroup;
			children = (
				234976612559EAC000FDFB40 /* DSFStepperField Demo.app */,
				23CD9745255E071F00DF00D6 /* DSFStepperView SwiftUI Demo.app */,
			);
			name = Products;
			sourceTree = "<group>";
		};
		234976632559EAC000FDFB40 /* DSFStepperField Demo */ = {
			isa = PBXGroup;
			children = (
				2349767E2559EE7600FDFB40 /* DSFStepperView */,
				234976642559EAC000FDFB40 /* AppDelegate.swift */,
				234976662559EAC000FDFB40 /* ViewController.swift */,
				234976682559EAC000FDFB40 /* Assets.xcassets */,
				2349766A2559EAC000FDFB40 /* Main.storyboard */,
				2349766D2559EAC000FDFB40 /* Info.plist */,
				2349766E2559EAC000FDFB40 /* DSFStepperField_Demo.entitlements */,
			);
			path = "DSFStepperField Demo";
			sourceTree = "<group>";
		};
		234976782559EAEA00FDFB40 /* Frameworks */ = {
			isa = PBXGroup;
			children = (
			);
			name = Frameworks;
			sourceTree = "<group>";
		};
		2349767E2559EE7600FDFB40 /* DSFStepperView */ = {
			isa = PBXGroup;
			children = (
				2393EE00255B391F00AEB226 /* DSFStepperView.swift */,
				2393EDFF255B391F00AEB226 /* DSFStepperView+localization.swift */,
				23CD975C255E079200DF00D6 /* DSFStepperView+SwiftUI.swift */,
				2393EE01255B391F00AEB226 /* DSFStepperView+textfield.swift */,
				2393EDFE255B391F00AEB226 /* DSFStepperView+utils.swift */,
			);
			name = DSFStepperView;
			sourceTree = "<group>";
		};
		23CD9746255E071F00DF00D6 /* DSFStepperView SwiftUI Demo */ = {
			isa = PBXGroup;
			children = (
				23CD9760255E07E900DF00D6 /* DSFStepperView */,
				23CD9747255E071F00DF00D6 /* AppDelegate.swift */,
				23CD9749255E071F00DF00D6 /* ContentView.swift */,
				23CD974B255E072100DF00D6 /* Assets.xcassets */,
				23CD9750255E072100DF00D6 /* Main.storyboard */,
				23CD9753255E072100DF00D6 /* Info.plist */,
				23CD9754255E072100DF00D6 /* DSFStepperView_SwiftUI_Demo.entitlements */,
				23CD974D255E072100DF00D6 /* Preview Content */,
			);
			path = "DSFStepperView SwiftUI Demo";
			sourceTree = "<group>";
		};
		23CD974D255E072100DF00D6 /* Preview Content */ = {
			isa = PBXGroup;
			children = (
				23CD974E255E072100DF00D6 /* Preview Assets.xcassets */,
			);
			path = "Preview Content";
			sourceTree = "<group>";
		};
		23CD9760255E07E900DF00D6 /* DSFStepperView */ = {
			isa = PBXGroup;
			children = (
				23CD9761255E07F800DF00D6 /* DSFStepperView.swift */,
				23CD9765255E07F800DF00D6 /* DSFStepperView+localization.swift */,
				23CD9762255E07F800DF00D6 /* DSFStepperView+SwiftUI.swift */,
				23CD9764255E07F800DF00D6 /* DSFStepperView+textfield.swift */,
				23CD9763255E07F800DF00D6 /* DSFStepperView+utils.swift */,
			);
			name = DSFStepperView;
			sourceTree = "<group>";
		};
/* End PBXGroup section */

/* Begin PBXNativeTarget section */
		234976602559EAC000FDFB40 /* DSFStepperField Demo */ = {
			isa = PBXNativeTarget;
			buildConfigurationList = 234976712559EAC000FDFB40 /* Build configuration list for PBXNativeTarget "DSFStepperField Demo" */;
			buildPhases = (
				2349765D2559EAC000FDFB40 /* Sources */,
				2349765E2559EAC000FDFB40 /* Frameworks */,
				2349765F2559EAC000FDFB40 /* Resources */,
			);
			buildRules = (
			);
			dependencies = (
			);
			name = "DSFStepperField Demo";
			packageProductDependencies = (
			);
			productName = "DSFStepperField Demo";
			productReference = 234976612559EAC000FDFB40 /* DSFStepperField Demo.app */;
			productType = "com.apple.product-type.application";
		};
		23CD9744255E071F00DF00D6 /* DSFStepperView SwiftUI Demo */ = {
			isa = PBXNativeTarget;
			buildConfigurationList = 23CD9755255E072100DF00D6 /* Build configuration list for PBXNativeTarget "DSFStepperView SwiftUI Demo" */;
			buildPhases = (
				23CD9741255E071F00DF00D6 /* Sources */,
				23CD9742255E071F00DF00D6 /* Frameworks */,
				23CD9743255E071F00DF00D6 /* Resources */,
			);
			buildRules = (
			);
			dependencies = (
			);
			name = "DSFStepperView SwiftUI Demo";
			productName = "DSFStepperView SwiftUI Demo";
			productReference = 23CD9745255E071F00DF00D6 /* DSFStepperView SwiftUI Demo.app */;
			productType = "com.apple.product-type.application";
		};
/* End PBXNativeTarget section */

/* Begin PBXProject section */
		234976592559EAC000FDFB40 /* Project object */ = {
			isa = PBXProject;
			attributes = {
				LastSwiftUpdateCheck = 1210;
				LastUpgradeCheck = 1210;
				TargetAttributes = {
					234976602559EAC000FDFB40 = {
						CreatedOnToolsVersion = 12.1;
					};
					23CD9744255E071F00DF00D6 = {
						CreatedOnToolsVersion = 12.1;
					};
				};
			};
			buildConfigurationList = 2349765C2559EAC000FDFB40 /* Build configuration list for PBXProject "DSFStepperField Demo" */;
			compatibilityVersion = "Xcode 9.3";
			developmentRegion = en;
			hasScannedForEncodings = 0;
			knownRegions = (
				en,
				Base,
			);
			mainGroup = 234976582559EAC000FDFB40;
			productRefGroup = 234976622559EAC000FDFB40 /* Products */;
			projectDirPath = "";
			projectRoot = "";
			targets = (
				234976602559EAC000FDFB40 /* DSFStepperField Demo */,
				23CD9744255E071F00DF00D6 /* DSFStepperView SwiftUI Demo */,
			);
		};
/* End PBXProject section */

/* Begin PBXResourcesBuildPhase section */
		2349765F2559EAC000FDFB40 /* Resources */ = {
			isa = PBXResourcesBuildPhase;
			buildActionMask = 2147483647;
			files = (
				234976692559EAC000FDFB40 /* Assets.xcassets in Resources */,
				2349766C2559EAC000FDFB40 /* Main.storyboard in Resources */,
			);
			runOnlyForDeploymentPostprocessing = 0;
		};
		23CD9743255E071F00DF00D6 /* Resources */ = {
			isa = PBXResourcesBuildPhase;
			buildActionMask = 2147483647;
			files = (
				23CD9752255E072100DF00D6 /* Main.storyboard in Resources */,
				23CD974F255E072100DF00D6 /* Preview Assets.xcassets in Resources */,
				23CD974C255E072100DF00D6 /* Assets.xcassets in Resources */,
			);
			runOnlyForDeploymentPostprocessing = 0;
		};
/* End PBXResourcesBuildPhase section */

/* Begin PBXSourcesBuildPhase section */
		2349765D2559EAC000FDFB40 /* Sources */ = {
			isa = PBXSourcesBuildPhase;
			buildActionMask = 2147483647;
			files = (
				2393EE05255B391F00AEB226 /* DSFStepperView+textfield.swift in Sources */,
				23CD975D255E079200DF00D6 /* DSFStepperView+SwiftUI.swift in Sources */,
				2393EE04255B391F00AEB226 /* DSFStepperView.swift in Sources */,
				234976672559EAC000FDFB40 /* ViewController.swift in Sources */,
				2393EE03255B391F00AEB226 /* DSFStepperView+localization.swift in Sources */,
				2393EE02255B391F00AEB226 /* DSFStepperView+utils.swift in Sources */,
				234976652559EAC000FDFB40 /* AppDelegate.swift in Sources */,
			);
			runOnlyForDeploymentPostprocessing = 0;
		};
		23CD9741255E071F00DF00D6 /* Sources */ = {
			isa = PBXSourcesBuildPhase;
			buildActionMask = 2147483647;
			files = (
				23CD9769255E07F800DF00D6 /* DSFStepperView+textfield.swift in Sources */,
				23CD9768255E07F800DF00D6 /* DSFStepperView+utils.swift in Sources */,
				23CD9767255E07F800DF00D6 /* DSFStepperView+SwiftUI.swift in Sources */,
				23CD976A255E07F800DF00D6 /* DSFStepperView+localization.swift in Sources */,
				23CD974A255E071F00DF00D6 /* ContentView.swift in Sources */,
				23CD9748255E071F00DF00D6 /* AppDelegate.swift in Sources */,
				23CD9766255E07F800DF00D6 /* DSFStepperView.swift in Sources */,
			);
			runOnlyForDeploymentPostprocessing = 0;
		};
/* End PBXSourcesBuildPhase section */

/* Begin PBXVariantGroup section */
		2349766A2559EAC000FDFB40 /* Main.storyboard */ = {
			isa = PBXVariantGroup;
			children = (
				2349766B2559EAC000FDFB40 /* Base */,
			);
			name = Main.storyboard;
			sourceTree = "<group>";
		};
		23CD9750255E072100DF00D6 /* Main.storyboard */ = {
			isa = PBXVariantGroup;
			children = (
				23CD9751255E072100DF00D6 /* Base */,
			);
			name = Main.storyboard;
			sourceTree = "<group>";
		};
/* End PBXVariantGroup section */

/* Begin XCBuildConfiguration section */
		2349766F2559EAC000FDFB40 /* Debug */ = {
			isa = XCBuildConfiguration;
			buildSettings = {
				ALWAYS_SEARCH_USER_PATHS = NO;
				CLANG_ANALYZER_NONNULL = YES;
				CLANG_ANALYZER_NUMBER_OBJECT_CONVERSION = YES_AGGRESSIVE;
				CLANG_CXX_LANGUAGE_STANDARD = "gnu++14";
				CLANG_CXX_LIBRARY = "libc++";
				CLANG_ENABLE_MODULES = YES;
				CLANG_ENABLE_OBJC_ARC = YES;
				CLANG_ENABLE_OBJC_WEAK = YES;
				CLANG_WARN_BLOCK_CAPTURE_AUTORELEASING = YES;
				CLANG_WARN_BOOL_CONVERSION = YES;
				CLANG_WARN_COMMA = YES;
				CLANG_WARN_CONSTANT_CONVERSION = YES;
				CLANG_WARN_DEPRECATED_OBJC_IMPLEMENTATIONS = YES;
				CLANG_WARN_DIRECT_OBJC_ISA_USAGE = YES_ERROR;
				CLANG_WARN_DOCUMENTATION_COMMENTS = YES;
				CLANG_WARN_EMPTY_BODY = YES;
				CLANG_WARN_ENUM_CONVERSION = YES;
				CLANG_WARN_INFINITE_RECURSION = YES;
				CLANG_WARN_INT_CONVERSION = YES;
				CLANG_WARN_NON_LITERAL_NULL_CONVERSION = YES;
				CLANG_WARN_OBJC_IMPLICIT_RETAIN_SELF = YES;
				CLANG_WARN_OBJC_LITERAL_CONVERSION = YES;
				CLANG_WARN_OBJC_ROOT_CLASS = YES_ERROR;
				CLANG_WARN_QUOTED_INCLUDE_IN_FRAMEWORK_HEADER = YES;
				CLANG_WARN_RANGE_LOOP_ANALYSIS = YES;
				CLANG_WARN_STRICT_PROTOTYPES = YES;
				CLANG_WARN_SUSPICIOUS_MOVE = YES;
				CLANG_WARN_UNGUARDED_AVAILABILITY = YES_AGGRESSIVE;
				CLANG_WARN_UNREACHABLE_CODE = YES;
				CLANG_WARN__DUPLICATE_METHOD_MATCH = YES;
				COPY_PHASE_STRIP = NO;
				DEBUG_INFORMATION_FORMAT = dwarf;
				ENABLE_STRICT_OBJC_MSGSEND = YES;
				ENABLE_TESTABILITY = YES;
				GCC_C_LANGUAGE_STANDARD = gnu11;
				GCC_DYNAMIC_NO_PIC = NO;
				GCC_NO_COMMON_BLOCKS = YES;
				GCC_OPTIMIZATION_LEVEL = 0;
				GCC_PREPROCESSOR_DEFINITIONS = (
					"DEBUG=1",
					"$(inherited)",
				);
				GCC_WARN_64_TO_32_BIT_CONVERSION = YES;
				GCC_WARN_ABOUT_RETURN_TYPE = YES_ERROR;
				GCC_WARN_UNDECLARED_SELECTOR = YES;
				GCC_WARN_UNINITIALIZED_AUTOS = YES_AGGRESSIVE;
				GCC_WARN_UNUSED_FUNCTION = YES;
				GCC_WARN_UNUSED_VARIABLE = YES;
				MACOSX_DEPLOYMENT_TARGET = 10.12.2;
				MTL_ENABLE_DEBUG_INFO = INCLUDE_SOURCE;
				MTL_FAST_MATH = YES;
				ONLY_ACTIVE_ARCH = YES;
				SDKROOT = macosx;
				SWIFT_ACTIVE_COMPILATION_CONDITIONS = DEBUG;
				SWIFT_OPTIMIZATION_LEVEL = "-Onone";
			};
			name = Debug;
		};
		234976702559EAC000FDFB40 /* Release */ = {
			isa = XCBuildConfiguration;
			buildSettings = {
				ALWAYS_SEARCH_USER_PATHS = NO;
				CLANG_ANALYZER_NONNULL = YES;
				CLANG_ANALYZER_NUMBER_OBJECT_CONVERSION = YES_AGGRESSIVE;
				CLANG_CXX_LANGUAGE_STANDARD = "gnu++14";
				CLANG_CXX_LIBRARY = "libc++";
				CLANG_ENABLE_MODULES = YES;
				CLANG_ENABLE_OBJC_ARC = YES;
				CLANG_ENABLE_OBJC_WEAK = YES;
				CLANG_WARN_BLOCK_CAPTURE_AUTORELEASING = YES;
				CLANG_WARN_BOOL_CONVERSION = YES;
				CLANG_WARN_COMMA = YES;
				CLANG_WARN_CONSTANT_CONVERSION = YES;
				CLANG_WARN_DEPRECATED_OBJC_IMPLEMENTATIONS = YES;
				CLANG_WARN_DIRECT_OBJC_ISA_USAGE = YES_ERROR;
				CLANG_WARN_DOCUMENTATION_COMMENTS = YES;
				CLANG_WARN_EMPTY_BODY = YES;
				CLANG_WARN_ENUM_CONVERSION = YES;
				CLANG_WARN_INFINITE_RECURSION = YES;
				CLANG_WARN_INT_CONVERSION = YES;
				CLANG_WARN_NON_LITERAL_NULL_CONVERSION = YES;
				CLANG_WARN_OBJC_IMPLICIT_RETAIN_SELF = YES;
				CLANG_WARN_OBJC_LITERAL_CONVERSION = YES;
				CLANG_WARN_OBJC_ROOT_CLASS = YES_ERROR;
				CLANG_WARN_QUOTED_INCLUDE_IN_FRAMEWORK_HEADER = YES;
				CLANG_WARN_RANGE_LOOP_ANALYSIS = YES;
				CLANG_WARN_STRICT_PROTOTYPES = YES;
				CLANG_WARN_SUSPICIOUS_MOVE = YES;
				CLANG_WARN_UNGUARDED_AVAILABILITY = YES_AGGRESSIVE;
				CLANG_WARN_UNREACHABLE_CODE = YES;
				CLANG_WARN__DUPLICATE_METHOD_MATCH = YES;
				COPY_PHASE_STRIP = NO;
				DEBUG_INFORMATION_FORMAT = "dwarf-with-dsym";
				ENABLE_NS_ASSERTIONS = NO;
				ENABLE_STRICT_OBJC_MSGSEND = YES;
				GCC_C_LANGUAGE_STANDARD = gnu11;
				GCC_NO_COMMON_BLOCKS = YES;
				GCC_WARN_64_TO_32_BIT_CONVERSION = YES;
				GCC_WARN_ABOUT_RETURN_TYPE = YES_ERROR;
				GCC_WARN_UNDECLARED_SELECTOR = YES;
				GCC_WARN_UNINITIALIZED_AUTOS = YES_AGGRESSIVE;
				GCC_WARN_UNUSED_FUNCTION = YES;
				GCC_WARN_UNUSED_VARIABLE = YES;
				MACOSX_DEPLOYMENT_TARGET = 10.12.2;
				MTL_ENABLE_DEBUG_INFO = NO;
				MTL_FAST_MATH = YES;
				SDKROOT = macosx;
				SWIFT_COMPILATION_MODE = wholemodule;
				SWIFT_OPTIMIZATION_LEVEL = "-O";
			};
			name = Release;
		};
		234976722559EAC000FDFB40 /* Debug */ = {
			isa = XCBuildConfiguration;
			buildSettings = {
				ASSETCATALOG_COMPILER_APPICON_NAME = AppIcon;
				ASSETCATALOG_COMPILER_GLOBAL_ACCENT_COLOR_NAME = AccentColor;
				CODE_SIGN_ENTITLEMENTS = "DSFStepperField Demo/DSFStepperField_Demo.entitlements";
				CODE_SIGN_STYLE = Automatic;
				COMBINE_HIDPI_IMAGES = YES;
				DEVELOPMENT_TEAM = "";
				ENABLE_HARDENED_RUNTIME = YES;
				INFOPLIST_FILE = "DSFStepperField Demo/Info.plist";
				LD_RUNPATH_SEARCH_PATHS = (
					"$(inherited)",
					"@executable_path/../Frameworks",
				);
				MACOSX_DEPLOYMENT_TARGET = 10.15;
				PRODUCT_BUNDLE_IDENTIFIER = "com.darrenford.DSFStepperField-Demo";
				PRODUCT_NAME = "$(TARGET_NAME)";
				SWIFT_VERSION = 5.0;
			};
			name = Debug;
		};
		234976732559EAC000FDFB40 /* Release */ = {
			isa = XCBuildConfiguration;
			buildSettings = {
				ASSETCATALOG_COMPILER_APPICON_NAME = AppIcon;
				ASSETCATALOG_COMPILER_GLOBAL_ACCENT_COLOR_NAME = AccentColor;
				CODE_SIGN_ENTITLEMENTS = "DSFStepperField Demo/DSFStepperField_Demo.entitlements";
				CODE_SIGN_STYLE = Automatic;
				COMBINE_HIDPI_IMAGES = YES;
				DEVELOPMENT_TEAM = "";
				ENABLE_HARDENED_RUNTIME = YES;
				INFOPLIST_FILE = "DSFStepperField Demo/Info.plist";
				LD_RUNPATH_SEARCH_PATHS = (
					"$(inherited)",
					"@executable_path/../Frameworks",
				);
				MACOSX_DEPLOYMENT_TARGET = 10.15;
				PRODUCT_BUNDLE_IDENTIFIER = "com.darrenford.DSFStepperField-Demo";
				PRODUCT_NAME = "$(TARGET_NAME)";
				SWIFT_VERSION = 5.0;
			};
			name = Release;
		};
		23CD9756255E072100DF00D6 /* Debug */ = {
			isa = XCBuildConfiguration;
			buildSettings = {
				ASSETCATALOG_COMPILER_APPICON_NAME = AppIcon;
				ASSETCATALOG_COMPILER_GLOBAL_ACCENT_COLOR_NAME = AccentColor;
				CODE_SIGN_ENTITLEMENTS = "DSFStepperView SwiftUI Demo/DSFStepperView_SwiftUI_Demo.entitlements";
				CODE_SIGN_STYLE = Automatic;
				COMBINE_HIDPI_IMAGES = YES;
				DEVELOPMENT_ASSET_PATHS = "\"DSFStepperView SwiftUI Demo/Preview Content\"";
				DEVELOPMENT_TEAM = 3L6RK3LGGW;
				ENABLE_HARDENED_RUNTIME = YES;
				ENABLE_PREVIEWS = YES;
				INFOPLIST_FILE = "DSFStepperView SwiftUI Demo/Info.plist";
				LD_RUNPATH_SEARCH_PATHS = (
					"$(inherited)",
					"@executable_path/../Frameworks",
				);
				MACOSX_DEPLOYMENT_TARGET = 10.15;
				PRODUCT_BUNDLE_IDENTIFIER = "com.darrenford.DSFStepperView-SwiftUI-Demo";
				PRODUCT_NAME = "$(TARGET_NAME)";
				SWIFT_VERSION = 5.0;
			};
			name = Debug;
		};
		23CD9757255E072100DF00D6 /* Release */ = {
			isa = XCBuildConfiguration;
			buildSettings = {
				ASSETCATALOG_COMPILER_APPICON_NAME = AppIcon;
				ASSETCATALOG_COMPILER_GLOBAL_ACCENT_COLOR_NAME = AccentColor;
				CODE_SIGN_ENTITLEMENTS = "DSFStepperView SwiftUI Demo/DSFStepperView_SwiftUI_Demo.entitlements";
				CODE_SIGN_STYLE = Automatic;
				COMBINE_HIDPI_IMAGES = YES;
				DEVELOPMENT_ASSET_PATHS = "\"DSFStepperView SwiftUI Demo/Preview Content\"";
				DEVELOPMENT_TEAM = 3L6RK3LGGW;
				ENABLE_HARDENED_RUNTIME = YES;
				ENABLE_PREVIEWS = YES;
				INFOPLIST_FILE = "DSFStepperView SwiftUI Demo/Info.plist";
				LD_RUNPATH_SEARCH_PATHS = (
					"$(inherited)",
					"@executable_path/../Frameworks",
				);
				MACOSX_DEPLOYMENT_TARGET = 10.15;
				PRODUCT_BUNDLE_IDENTIFIER = "com.darrenford.DSFStepperView-SwiftUI-Demo";
				PRODUCT_NAME = "$(TARGET_NAME)";
				SWIFT_VERSION = 5.0;
			};
			name = Release;
		};
/* End XCBuildConfiguration section */

/* Begin XCConfigurationList section */
		2349765C2559EAC000FDFB40 /* Build configuration list for PBXProject "DSFStepperField Demo" */ = {
			isa = XCConfigurationList;
			buildConfigurations = (
				2349766F2559EAC000FDFB40 /* Debug */,
				234976702559EAC000FDFB40 /* Release */,
			);
			defaultConfigurationIsVisible = 0;
			defaultConfigurationName = Release;
		};
		234976712559EAC000FDFB40 /* Build configuration list for PBXNativeTarget "DSFStepperField Demo" */ = {
			isa = XCConfigurationList;
			buildConfigurations = (
				234976722559EAC000FDFB40 /* Debug */,
				234976732559EAC000FDFB40 /* Release */,
			);
			defaultConfigurationIsVisible = 0;
			defaultConfigurationName = Release;
		};
		23CD9755255E072100DF00D6 /* Build configuration list for PBXNativeTarget "DSFStepperView SwiftUI Demo" */ = {
			isa = XCConfigurationList;
			buildConfigurations = (
				23CD9756255E072100DF00D6 /* Debug */,
				23CD9757255E072100DF00D6 /* Release */,
			);
			defaultConfigurationIsVisible = 0;
			defaultConfigurationName = Release;
		};
/* End XCConfigurationList section */
	};
	rootObject = 234976592559EAC000FDFB40 /* Project object */;
}
