// !$*UTF8*$!
{
	archiveVersion = 1;
	classes = {
	};
	objectVersion = 52;
	objects = {

/* Begin PBXBuildFile section */
		232FDCFA25F808D800FBA1B9 /* AppDelegate.swift in Sources */ = {isa = PBXBuildFile; fileRef = 232FDCF925F808D800FBA1B9 /* AppDelegate.swift */; };
		232FDCFC25F808D800FBA1B9 /* SceneDelegate.swift in Sources */ = {isa = PBXBuildFile; fileRef = 232FDCFB25F808D800FBA1B9 /* SceneDelegate.swift */; };
		232FDCFE25F808D800FBA1B9 /* ViewController.swift in Sources */ = {isa = PBXBuildFile; fileRef = 232FDCFD25F808D800FBA1B9 /* ViewController.swift */; };
		232FDD0125F808D800FBA1B9 /* Main.storyboard in Resources */ = {isa = PBXBuildFile; fileRef = 232FDCFF25F808D800FBA1B9 /* Main.storyboard */; };
		232FDD0325F808D800FBA1B9 /* Assets.xcassets in Resources */ = {isa = PBXBuildFile; fileRef = 232FDD0225F808D800FBA1B9 /* Assets.xcassets */; };
		232FDD0625F808D800FBA1B9 /* LaunchScreen.storyboard in Resources */ = {isa = PBXBuildFile; fileRef = 232FDD0425F808D800FBA1B9 /* LaunchScreen.storyboard */; };
		23430B2225F809F900D235DB /* DSFStepperView in Frameworks */ = {isa = PBXBuildFile; productRef = 23430B2125F809F900D235DB /* DSFStepperView */; };
/* End PBXBuildFile section */

/* Begin PBXFileReference section */
		232FDCF625F808D800FBA1B9 /* DSFStepper iOS Demo.app */ = {isa = PBXFileReference; explicitFileType = wrapper.application; includeInIndex = 0; path = "DSFStepper iOS Demo.app"; sourceTree = BUILT_PRODUCTS_DIR; };
		232FDCF925F808D800FBA1B9 /* AppDelegate.swift */ = {isa = PBXFileReference; lastKnownFileType = sourcecode.swift; path = AppDelegate.swift; sourceTree = "<group>"; };
		232FDCFB25F808D800FBA1B9 /* SceneDelegate.swift */ = {isa = PBXFileReference; lastKnownFileType = sourcecode.swift; path = SceneDelegate.swift; sourceTree = "<group>"; };
		232FDCFD25F808D800FBA1B9 /* ViewController.swift */ = {isa = PBXFileReference; lastKnownFileType = sourcecode.swift; path = ViewController.swift; sourceTree = "<group>"; };
		232FDD0025F808D800FBA1B9 /* Base */ = {isa = PBXFileReference; lastKnownFileType = file.storyboard; name = Base; path = Base.lproj/Main.storyboard; sourceTree = "<group>"; };
		232FDD0225F808D800FBA1B9 /* Assets.xcassets */ = {isa = PBXFileReference; lastKnownFileType = folder.assetcatalog; path = Assets.xcassets; sourceTree = "<group>"; };
		232FDD0525F808D800FBA1B9 /* Base */ = {isa = PBXFileReference; lastKnownFileType = file.storyboard; name = Base; path = Base.lproj/LaunchScreen.storyboard; sourceTree = "<group>"; };
		232FDD0725F808D800FBA1B9 /* Info.plist */ = {isa = PBXFileReference; lastKnownFileType = text.plist.xml; path = Info.plist; sourceTree = "<group>"; };
		232FDD0E25F808EA00FBA1B9 /* DSFStepperView */ = {isa = PBXFileReference; lastKnownFileType = folder; name = DSFStepperView; path = ../..; sourceTree = "<group>"; };
		23430B2625F845F500D235DB /* DSFStepper iOS Demo.entitlements */ = {isa = PBXFileReference; lastKnownFileType = text.plist.entitlements; path = "DSFStepper iOS Demo.entitlements"; sourceTree = "<group>"; };
/* End PBXFileReference section */

/* Begin PBXFrameworksBuildPhase section */
		232FDCF325F808D800FBA1B9 /* Frameworks */ = {
			isa = PBXFrameworksBuildPhase;
			buildActionMask = 2147483647;
			files = (
				23430B2225F809F900D235DB /* DSFStepperView in Frameworks */,
			);
			runOnlyForDeploymentPostprocessing = 0;
		};
/* End PBXFrameworksBuildPhase section */

/* Begin PBXGroup section */
		232FDCED25F808D800FBA1B9 = {
			isa = PBXGroup;
			children = (
				232FDD0E25F808EA00FBA1B9 /* DSFStepperView */,
				232FDCF825F808D800FBA1B9 /* DSFStepper iOS Demo */,
				232FDCF725F808D800FBA1B9 /* Products */,
				23430B2025F809F900D235DB /* Frameworks */,
			);
			sourceTree = "<group>";
		};
		232FDCF725F808D800FBA1B9 /* Products */ = {
			isa = PBXGroup;
			children = (
				232FDCF625F808D800FBA1B9 /* DSFStepper iOS Demo.app */,
			);
			name = Products;
			sourceTree = "<group>";
		};
		232FDCF825F808D800FBA1B9 /* DSFStepper iOS Demo */ = {
			isa = PBXGroup;
			children = (
				23430B2625F845F500D235DB /* DSFStepper iOS Demo.entitlements */,
				232FDCF925F808D800FBA1B9 /* AppDelegate.swift */,
				232FDCFB25F808D800FBA1B9 /* SceneDelegate.swift */,
				232FDCFD25F808D800FBA1B9 /* ViewController.swift */,
				232FDCFF25F808D800FBA1B9 /* Main.storyboard */,
				232FDD0225F808D800FBA1B9 /* Assets.xcassets */,
				232FDD0425F808D800FBA1B9 /* LaunchScreen.storyboard */,
				232FDD0725F808D800FBA1B9 /* Info.plist */,
			);
			path = "DSFStepper iOS Demo";
			sourceTree = "<group>";
		};
		23430B2025F809F900D235DB /* Frameworks */ = {
			isa = PBXGroup;
			children = (
			);
			name = Frameworks;
			sourceTree = "<group>";
		};
/* End PBXGroup section */

/* Begin PBXNativeTarget section */
		232FDCF525F808D800FBA1B9 /* DSFStepper iOS Demo */ = {
			isa = PBXNativeTarget;
			buildConfigurationList = 232FDD0A25F808D800FBA1B9 /* Build configuration list for PBXNativeTarget "DSFStepper iOS Demo" */;
			buildPhases = (
				232FDCF225F808D800FBA1B9 /* Sources */,
				232FDCF325F808D800FBA1B9 /* Frameworks */,
				232FDCF425F808D800FBA1B9 /* Resources */,
			);
			buildRules = (
			);
			dependencies = (
			);
			name = "DSFStepper iOS Demo";
			packageProductDependencies = (
				23430B2125F809F900D235DB /* DSFStepperView */,
			);
			productName = "DSFStepper iOS Demo";
			productReference = 232FDCF625F808D800FBA1B9 /* DSFStepper iOS Demo.app */;
			productType = "com.apple.product-type.application";
		};
/* End PBXNativeTarget section */

/* Begin PBXProject section */
		232FDCEE25F808D800FBA1B9 /* Project object */ = {
			isa = PBXProject;
			attributes = {
				LastSwiftUpdateCheck = 1240;
				LastUpgradeCheck = 1240;
				TargetAttributes = {
					232FDCF525F808D800FBA1B9 = {
						CreatedOnToolsVersion = 12.4;
					};
				};
			};
			buildConfigurationList = 232FDCF125F808D800FBA1B9 /* Build configuration list for PBXProject "DSFStepper iOS Demo" */;
			compatibilityVersion = "Xcode 9.3";
			developmentRegion = en;
			hasScannedForEncodings = 0;
			knownRegions = (
				en,
				Base,
			);
			mainGroup = 232FDCED25F808D800FBA1B9;
			productRefGroup = 232FDCF725F808D800FBA1B9 /* Products */;
			projectDirPath = "";
			projectRoot = "";
			targets = (
				232FDCF525F808D800FBA1B9 /* DSFStepper iOS Demo */,
			);
		};
/* End PBXProject section */

/* Begin PBXResourcesBuildPhase section */
		232FDCF425F808D800FBA1B9 /* Resources */ = {
			isa = PBXResourcesBuildPhase;
			buildActionMask = 2147483647;
			files = (
				232FDD0625F808D800FBA1B9 /* LaunchScreen.storyboard in Resources */,
				232FDD0325F808D800FBA1B9 /* Assets.xcassets in Resources */,
				232FDD0125F808D800FBA1B9 /* Main.storyboard in Resources */,
			);
			runOnlyForDeploymentPostprocessing = 0;
		};
/* End PBXResourcesBuildPhase section */

/* Begin PBXSourcesBuildPhase section */
		232FDCF225F808D800FBA1B9 /* Sources */ = {
			isa = PBXSourcesBuildPhase;
			buildActionMask = 2147483647;
			files = (
				232FDCFE25F808D800FBA1B9 /* ViewController.swift in Sources */,
				232FDCFA25F808D800FBA1B9 /* AppDelegate.swift in Sources */,
				232FDCFC25F808D800FBA1B9 /* SceneDelegate.swift in Sources */,
			);
			runOnlyForDeploymentPostprocessing = 0;
		};
/* End PBXSourcesBuildPhase section */

/* Begin PBXVariantGroup section */
		232FDCFF25F808D800FBA1B9 /* Main.storyboard */ = {
			isa = PBXVariantGroup;
			children = (
				232FDD0025F808D800FBA1B9 /* Base */,
			);
			name = Main.storyboard;
			sourceTree = "<group>";
		};
		232FDD0425F808D800FBA1B9 /* LaunchScreen.storyboard */ = {
			isa = PBXVariantGroup;
			children = (
				232FDD0525F808D800FBA1B9 /* Base */,
			);
			name = LaunchScreen.storyboard;
			sourceTree = "<group>";
		};
/* End PBXVariantGroup section */

/* Begin XCBuildConfiguration section */
		232FDD0825F808D800FBA1B9 /* Debug */ = {
			isa = XCBuildConfiguration;
			buildSettings = {
				ALWAYS_SEARCH_USER_PATHS = NO;
				CLANG_ANALYZER_NONNULL = YES;
				CLANG_ANALYZER_NUMBER_OBJECT_CONVERSION = YES_AGGRESSIVE;
				CLANG_CXX_LANGUAGE_STANDARD = "gnu++14";
				CLANG_CXX_LIBRARY = "libc++";
				CLANG_ENABLE_MODULES = YES;
				CLANG_ENABLE_OBJC_ARC = YES;
				CLANG_ENABLE_OBJC_WEAK = YES;
				CLANG_WARN_BLOCK_CAPTURE_AUTORELEASING = YES;
				CLANG_WARN_BOOL_CONVERSION = YES;
				CLANG_WARN_COMMA = YES;
				CLANG_WARN_CONSTANT_CONVERSION = YES;
				CLANG_WARN_DEPRECATED_OBJC_IMPLEMENTATIONS = YES;
				CLANG_WARN_DIRECT_OBJC_ISA_USAGE = YES_ERROR;
				CLANG_WARN_DOCUMENTATION_COMMENTS = YES;
				CLANG_WARN_EMPTY_BODY = YES;
				CLANG_WARN_ENUM_CONVERSION = YES;
				CLANG_WARN_INFINITE_RECURSION = YES;
				CLANG_WARN_INT_CONVERSION = YES;
				CLANG_WARN_NON_LITERAL_NULL_CONVERSION = YES;
				CLANG_WARN_OBJC_IMPLICIT_RETAIN_SELF = YES;
				CLANG_WARN_OBJC_LITERAL_CONVERSION = YES;
				CLANG_WARN_OBJC_ROOT_CLASS = YES_ERROR;
				CLANG_WARN_QUOTED_INCLUDE_IN_FRAMEWORK_HEADER = YES;
				CLANG_WARN_RANGE_LOOP_ANALYSIS = YES;
				CLANG_WARN_STRICT_PROTOTYPES = YES;
				CLANG_WARN_SUSPICIOUS_MOVE = YES;
				CLANG_WARN_UNGUARDED_AVAILABILITY = YES_AGGRESSIVE;
				CLANG_WARN_UNREACHABLE_CODE = YES;
				CLANG_WARN__DUPLICATE_METHOD_MATCH = YES;
				COPY_PHASE_STRIP = NO;
				DEBUG_INFORMATION_FORMAT = dwarf;
				ENABLE_STRICT_OBJC_MSGSEND = YES;
				ENABLE_TESTABILITY = YES;
				GCC_C_LANGUAGE_STANDARD = gnu11;
				GCC_DYNAMIC_NO_PIC = NO;
				GCC_NO_COMMON_BLOCKS = YES;
				GCC_OPTIMIZATION_LEVEL = 0;
				GCC_PREPROCESSOR_DEFINITIONS = (
					"DEBUG=1",
					"$(inherited)",
				);
				GCC_WARN_64_TO_32_BIT_CONVERSION = YES;
				GCC_WARN_ABOUT_RETURN_TYPE = YES_ERROR;
				GCC_WARN_UNDECLARED_SELECTOR = YES;
				GCC_WARN_UNINITIALIZED_AUTOS = YES_AGGRESSIVE;
				GCC_WARN_UNUSED_FUNCTION = YES;
				GCC_WARN_UNUSED_VARIABLE = YES;
				IPHONEOS_DEPLOYMENT_TARGET = 14.4;
				MTL_ENABLE_DEBUG_INFO = INCLUDE_SOURCE;
				MTL_FAST_MATH = YES;
				ONLY_ACTIVE_ARCH = YES;
				SDKROOT = iphoneos;
				SWIFT_ACTIVE_COMPILATION_CONDITIONS = DEBUG;
				SWIFT_OPTIMIZATION_LEVEL = "-Onone";
			};
			name = Debug;
		};
		232FDD0925F808D800FBA1B9 /* Release */ = {
			isa = XCBuildConfiguration;
			buildSettings = {
				ALWAYS_SEARCH_USER_PATHS = NO;
				CLANG_ANALYZER_NONNULL = YES;
				CLANG_ANALYZER_NUMBER_OBJECT_CONVERSION = YES_AGGRESSIVE;
				CLANG_CXX_LANGUAGE_STANDARD = "gnu++14";
				CLANG_CXX_LIBRARY = "libc++";
				CLANG_ENABLE_MODULES = YES;
				CLANG_ENABLE_OBJC_ARC = YES;
				CLANG_ENABLE_OBJC_WEAK = YES;
				CLANG_WARN_BLOCK_CAPTURE_AUTORELEASING = YES;
				CLANG_WARN_BOOL_CONVERSION = YES;
				CLANG_WARN_COMMA = YES;
				CLANG_WARN_CONSTANT_CONVERSION = YES;
				CLANG_WARN_DEPRECATED_OBJC_IMPLEMENTATIONS = YES;
				CLANG_WARN_DIRECT_OBJC_ISA_USAGE = YES_ERROR;
				CLANG_WARN_DOCUMENTATION_COMMENTS = YES;
				CLANG_WARN_EMPTY_BODY = YES;
				CLANG_WARN_ENUM_CONVERSION = YES;
				CLANG_WARN_INFINITE_RECURSION = YES;
				CLANG_WARN_INT_CONVERSION = YES;
				CLANG_WARN_NON_LITERAL_NULL_CONVERSION = YES;
				CLANG_WARN_OBJC_IMPLICIT_RETAIN_SELF = YES;
				CLANG_WARN_OBJC_LITERAL_CONVERSION = YES;
				CLANG_WARN_OBJC_ROOT_CLASS = YES_ERROR;
				CLANG_WARN_QUOTED_INCLUDE_IN_FRAMEWORK_HEADER = YES;
				CLANG_WARN_RANGE_LOOP_ANALYSIS = YES;
				CLANG_WARN_STRICT_PROTOTYPES = YES;
				CLANG_WARN_SUSPICIOUS_MOVE = YES;
				CLANG_WARN_UNGUARDED_AVAILABILITY = YES_AGGRESSIVE;
				CLANG_WARN_UNREACHABLE_CODE = YES;
				CLANG_WARN__DUPLICATE_METHOD_MATCH = YES;
				COPY_PHASE_STRIP = NO;
				DEBUG_INFORMATION_FORMAT = "dwarf-with-dsym";
				ENABLE_NS_ASSERTIONS = NO;
				ENABLE_STRICT_OBJC_MSGSEND = YES;
				GCC_C_LANGUAGE_STANDARD = gnu11;
				GCC_NO_COMMON_BLOCKS = YES;
				GCC_WARN_64_TO_32_BIT_CONVERSION = YES;
				GCC_WARN_ABOUT_RETURN_TYPE = YES_ERROR;
				GCC_WARN_UNDECLARED_SELECTOR = YES;
				GCC_WARN_UNINITIALIZED_AUTOS = YES_AGGRESSIVE;
				GCC_WARN_UNUSED_FUNCTION = YES;
				GCC_WARN_UNUSED_VARIABLE = YES;
				IPHONEOS_DEPLOYMENT_TARGET = 14.4;
				MTL_ENABLE_DEBUG_INFO = NO;
				MTL_FAST_MATH = YES;
				SDKROOT = iphoneos;
				SWIFT_COMPILATION_MODE = wholemodule;
				SWIFT_OPTIMIZATION_LEVEL = "-O";
				VALIDATE_PRODUCT = YES;
			};
			name = Release;
		};
		232FDD0B25F808D800FBA1B9 /* Debug */ = {
			isa = XCBuildConfiguration;
			buildSettings = {
				ASSETCATALOG_COMPILER_APPICON_NAME = AppIcon;
				ASSETCATALOG_COMPILER_GLOBAL_ACCENT_COLOR_NAME = AccentColor;
				CODE_SIGN_ENTITLEMENTS = "DSFStepper iOS Demo/DSFStepper iOS Demo.entitlements";
				CODE_SIGN_STYLE = Automatic;
				DEVELOPMENT_TEAM = 3L6RK3LGGW;
				INFOPLIST_FILE = "DSFStepper iOS Demo/Info.plist";
				LD_RUNPATH_SEARCH_PATHS = (
					"$(inherited)",
					"@executable_path/Frameworks",
				);
				PRODUCT_BUNDLE_IDENTIFIER = "com.darrenford.DSFSparkline.DSFStepper-iOS-Demo";
				PRODUCT_NAME = "$(TARGET_NAME)";
				SUPPORTS_MACCATALYST = YES;
				SWIFT_VERSION = 5.0;
				TARGETED_DEVICE_FAMILY = "1,2";
			};
			name = Debug;
		};
		232FDD0C25F808D800FBA1B9 /* Release */ = {
			isa = XCBuildConfiguration;
			buildSettings = {
				ASSETCATALOG_COMPILER_APPICON_NAME = AppIcon;
				ASSETCATALOG_COMPILER_GLOBAL_ACCENT_COLOR_NAME = AccentColor;
				CODE_SIGN_ENTITLEMENTS = "DSFStepper iOS Demo/DSFStepper iOS Demo.entitlements";
				CODE_SIGN_STYLE = Automatic;
				DEVELOPMENT_TEAM = 3L6RK3LGGW;
				INFOPLIST_FILE = "DSFStepper iOS Demo/Info.plist";
				LD_RUNPATH_SEARCH_PATHS = (
					"$(inherited)",
					"@executable_path/Frameworks",
				);
				PRODUCT_BUNDLE_IDENTIFIER = "com.darrenford.DSFSparkline.DSFStepper-iOS-Demo";
				PRODUCT_NAME = "$(TARGET_NAME)";
				SUPPORTS_MACCATALYST = YES;
				SWIFT_VERSION = 5.0;
				TARGETED_DEVICE_FAMILY = "1,2";
			};
			name = Release;
		};
/* End XCBuildConfiguration section */

/* Begin XCConfigurationList section */
		232FDCF125F808D800FBA1B9 /* Build configuration list for PBXProject "DSFStepper iOS Demo" */ = {
			isa = XCConfigurationList;
			buildConfigurations = (
				232FDD0825F808D800FBA1B9 /* Debug */,
				232FDD0925F808D800FBA1B9 /* Release */,
			);
			defaultConfigurationIsVisible = 0;
			defaultConfigurationName = Release;
		};
		232FDD0A25F808D800FBA1B9 /* Build configuration list for PBXNativeTarget "DSFStepper iOS Demo" */ = {
			isa = XCConfigurationList;
			buildConfigurations = (
				232FDD0B25F808D800FBA1B9 /* Debug */,
				232FDD0C25F808D800FBA1B9 /* Release */,
			);
			defaultConfigurationIsVisible = 0;
			defaultConfigurationName = Release;
		};
/* End XCConfigurationList section */

/* Begin XCSwiftPackageProductDependency section */
		23430B2125F809F900D235DB /* DSFStepperView */ = {
			isa = XCSwiftPackageProductDependency;
			productName = DSFStepperView;
		};
/* End XCSwiftPackageProductDependency section */
	};
	rootObject = 232FDCEE25F808D800FBA1B9 /* Project object */;
}
