// !$*UTF8*$!
{
	archiveVersion = 1;
	classes = {
	};
	objectVersion = 52;
	objects = {

/* Begin PBXBuildFile section */
		231D06EA25B242C000B1E5BE /* AppDelegate.m in Sources */ = {isa = PBXBuildFile; fileRef = 231D06E925B242C000B1E5BE /* AppDelegate.m */; };
		231D06EC25B242C000B1E5BE /* Assets.xcassets in Resources */ = {isa = PBXBuildFile; fileRef = 231D06EB25B242C000B1E5BE /* Assets.xcassets */; };
		231D06EF25B242C000B1E5BE /* MainMenu.xib in Resources */ = {isa = PBXBuildFile; fileRef = 231D06ED25B242C000B1E5BE /* MainMenu.xib */; };
		231D06F225B242C000B1E5BE /* main.m in Sources */ = {isa = PBXBuildFile; fileRef = 231D06F125B242C000B1E5BE /* main.m */; };
		231D070325B245F800B1E5BE /* DSFStepperView in Frameworks */ = {isa = PBXBuildFile; productRef = 231D070225B245F800B1E5BE /* DSFStepperView */; };
/* End PBXBuildFile section */

/* Begin PBXFileReference section */
		231D06E525B242C000B1E5BE /* DSFStepperView ObjC Demo.app */ = {isa = PBXFileReference; explicitFileType = wrapper.application; includeInIndex = 0; path = "DSFStepperView ObjC Demo.app"; sourceTree = BUILT_PRODUCTS_DIR; };
		231D06E825B242C000B1E5BE /* AppDelegate.h */ = {isa = PBXFileReference; lastKnownFileType = sourcecode.c.h; path = AppDelegate.h; sourceTree = "<group>"; };
		231D06E925B242C000B1E5BE /* AppDelegate.m */ = {isa = PBXFileReference; lastKnownFileType = sourcecode.c.objc; path = AppDelegate.m; sourceTree = "<group>"; };
		231D06EB25B242C000B1E5BE /* Assets.xcassets */ = {isa = PBXFileReference; lastKnownFileType = folder.assetcatalog; path = Assets.xcassets; sourceTree = "<group>"; };
		231D06EE25B242C000B1E5BE /* Base */ = {isa = PBXFileReference; lastKnownFileType = file.xib; name = Base; path = Base.lproj/MainMenu.xib; sourceTree = "<group>"; };
		231D06F025B242C000B1E5BE /* Info.plist */ = {isa = PBXFileReference; lastKnownFileType = text.plist.xml; path = Info.plist; sourceTree = "<group>"; };
		231D06F125B242C000B1E5BE /* main.m */ = {isa = PBXFileReference; lastKnownFileType = sourcecode.c.objc; path = main.m; sourceTree = "<group>"; };
		231D06F325B242C000B1E5BE /* DSFStepperView_ObjC_Demo.entitlements */ = {isa = PBXFileReference; lastKnownFileType = text.plist.entitlements; path = DSFStepperView_ObjC_Demo.entitlements; sourceTree = "<group>"; };
		231D06FF25B245CB00B1E5BE /* DSFStepperView */ = {isa = PBXFileReference; lastKnownFileType = folder; name = DSFStepperView; path = ../..; sourceTree = "<group>"; };
/* End PBXFileReference section */

/* Begin PBXFrameworksBuildPhase section */
		231D06E225B242C000B1E5BE /* Frameworks */ = {
			isa = PBXFrameworksBuildPhase;
			buildActionMask = 2147483647;
			files = (
				231D070325B245F800B1E5BE /* DSFStepperView in Frameworks */,
			);
			runOnlyForDeploymentPostprocessing = 0;
		};
/* End PBXFrameworksBuildPhase section */

/* Begin PBXGroup section */
		231D06DC25B242C000B1E5BE = {
			isa = PBXGroup;
			children = (
				231D06FF25B245CB00B1E5BE /* DSFStepperView */,
				231D06E725B242C000B1E5BE /* DSFStepperView ObjC Demo */,
				231D06E625B242C000B1E5BE /* Products */,
				231D070125B245F800B1E5BE /* Frameworks */,
			);
			sourceTree = "<group>";
		};
		231D06E625B242C000B1E5BE /* Products */ = {
			isa = PBXGroup;
			children = (
				231D06E525B242C000B1E5BE /* DSFStepperView ObjC Demo.app */,
			);
			name = Products;
			sourceTree = "<group>";
		};
		231D06E725B242C000B1E5BE /* DSFStepperView ObjC Demo */ = {
			isa = PBXGroup;
			children = (
				231D06E825B242C000B1E5BE /* AppDelegate.h */,
				231D06E925B242C000B1E5BE /* AppDelegate.m */,
				231D06EB25B242C000B1E5BE /* Assets.xcassets */,
				231D06ED25B242C000B1E5BE /* MainMenu.xib */,
				231D06F025B242C000B1E5BE /* Info.plist */,
				231D06F125B242C000B1E5BE /* main.m */,
				231D06F325B242C000B1E5BE /* DSFStepperView_ObjC_Demo.entitlements */,
			);
			path = "DSFStepperView ObjC Demo";
			sourceTree = "<group>";
		};
		231D070125B245F800B1E5BE /* Frameworks */ = {
			isa = PBXGroup;
			children = (
			);
			name = Frameworks;
			sourceTree = "<group>";
		};
/* End PBXGroup section */

/* Begin PBXNativeTarget section */
		231D06E425B242C000B1E5BE /* DSFStepperView ObjC Demo */ = {
			isa = PBXNativeTarget;
			buildConfigurationList = 231D06F625B242C000B1E5BE /* Build configuration list for PBXNativeTarget "DSFStepperView ObjC Demo" */;
			buildPhases = (
				231D06E125B242C000B1E5BE /* Sources */,
				231D06E225B242C000B1E5BE /* Frameworks */,
				231D06E325B242C000B1E5BE /* Resources */,
			);
			buildRules = (
			);
			dependencies = (
			);
			name = "DSFStepperView ObjC Demo";
			packageProductDependencies = (
				231D070225B245F800B1E5BE /* DSFStepperView */,
			);
			productName = "DSFStepperView ObjC Demo";
			productReference = 231D06E525B242C000B1E5BE /* DSFStepperView ObjC Demo.app */;
			productType = "com.apple.product-type.application";
		};
/* End PBXNativeTarget section */

/* Begin PBXProject section */
		231D06DD25B242C000B1E5BE /* Project object */ = {
			isa = PBXProject;
			attributes = {
				LastUpgradeCheck = 1230;
				TargetAttributes = {
					231D06E425B242C000B1E5BE = {
						CreatedOnToolsVersion = 12.3;
					};
				};
			};
			buildConfigurationList = 231D06E025B242C000B1E5BE /* Build configuration list for PBXProject "DSFStepperView ObjC Demo" */;
			compatibilityVersion = "Xcode 9.3";
			developmentRegion = en;
			hasScannedForEncodings = 0;
			knownRegions = (
				en,
				Base,
			);
			mainGroup = 231D06DC25B242C000B1E5BE;
			packageReferences = (
			);
			productRefGroup = 231D06E625B242C000B1E5BE /* Products */;
			projectDirPath = "";
			projectRoot = "";
			targets = (
				231D06E425B242C000B1E5BE /* DSFStepperView ObjC Demo */,
			);
		};
/* End PBXProject section */

/* Begin PBXResourcesBuildPhase section */
		231D06E325B242C000B1E5BE /* Resources */ = {
			isa = PBXResourcesBuildPhase;
			buildActionMask = 2147483647;
			files = (
				231D06EC25B242C000B1E5BE /* Assets.xcassets in Resources */,
				231D06EF25B242C000B1E5BE /* MainMenu.xib in Resources */,
			);
			runOnlyForDeploymentPostprocessing = 0;
		};
/* End PBXResourcesBuildPhase section */

/* Begin PBXSourcesBuildPhase section */
		231D06E125B242C000B1E5BE /* Sources */ = {
			isa = PBXSourcesBuildPhase;
			buildActionMask = 2147483647;
			files = (
				231D06F225B242C000B1E5BE /* main.m in Sources */,
				231D06EA25B242C000B1E5BE /* AppDelegate.m in Sources */,
			);
			runOnlyForDeploymentPostprocessing = 0;
		};
/* End PBXSourcesBuildPhase section */

/* Begin PBXVariantGroup section */
		231D06ED25B242C000B1E5BE /* MainMenu.xib */ = {
			isa = PBXVariantGroup;
			children = (
				231D06EE25B242C000B1E5BE /* Base */,
			);
			name = MainMenu.xib;
			sourceTree = "<group>";
		};
/* End PBXVariantGroup section */

/* Begin XCBuildConfiguration section */
		231D06F425B242C000B1E5BE /* Debug */ = {
			isa = XCBuildConfiguration;
			buildSettings = {
				ALWAYS_SEARCH_USER_PATHS = NO;
				CLANG_ANALYZER_NONNULL = YES;
				CLANG_ANALYZER_NUMBER_OBJECT_CONVERSION = YES_AGGRESSIVE;
				CLANG_CXX_LANGUAGE_STANDARD = "gnu++14";
				CLANG_CXX_LIBRARY = "libc++";
				CLANG_ENABLE_MODULES = YES;
				CLANG_ENABLE_OBJC_ARC = YES;
				CLANG_ENABLE_OBJC_WEAK = YES;
				CLANG_WARN_BLOCK_CAPTURE_AUTORELEASING = YES;
				CLANG_WARN_BOOL_CONVERSION = YES;
				CLANG_WARN_COMMA = YES;
				CLANG_WARN_CONSTANT_CONVERSION = YES;
				CLANG_WARN_DEPRECATED_OBJC_IMPLEMENTATIONS = YES;
				CLANG_WARN_DIRECT_OBJC_ISA_USAGE = YES_ERROR;
				CLANG_WARN_DOCUMENTATION_COMMENTS = YES;
				CLANG_WARN_EMPTY_BODY = YES;
				CLANG_WARN_ENUM_CONVERSION = YES;
				CLANG_WARN_INFINITE_RECURSION = YES;
				CLANG_WARN_INT_CONVERSION = YES;
				CLANG_WARN_NON_LITERAL_NULL_CONVERSION = YES;
				CLANG_WARN_OBJC_IMPLICIT_RETAIN_SELF = YES;
				CLANG_WARN_OBJC_LITERAL_CONVERSION = YES;
				CLANG_WARN_OBJC_ROOT_CLASS = YES_ERROR;
				CLANG_WARN_QUOTED_INCLUDE_IN_FRAMEWORK_HEADER = YES;
				CLANG_WARN_RANGE_LOOP_ANALYSIS = YES;
				CLANG_WARN_STRICT_PROTOTYPES = YES;
				CLANG_WARN_SUSPICIOUS_MOVE = YES;
				CLANG_WARN_UNGUARDED_AVAILABILITY = YES_AGGRESSIVE;
				CLANG_WARN_UNREACHABLE_CODE = YES;
				CLANG_WARN__DUPLICATE_METHOD_MATCH = YES;
				COPY_PHASE_STRIP = NO;
				DEBUG_INFORMATION_FORMAT = dwarf;
				ENABLE_STRICT_OBJC_MSGSEND = YES;
				ENABLE_TESTABILITY = YES;
				GCC_C_LANGUAGE_STANDARD = gnu11;
				GCC_DYNAMIC_NO_PIC = NO;
				GCC_NO_COMMON_BLOCKS = YES;
				GCC_OPTIMIZATION_LEVEL = 0;
				GCC_PREPROCESSOR_DEFINITIONS = (
					"DEBUG=1",
					"$(inherited)",
				);
				GCC_WARN_64_TO_32_BIT_CONVERSION = YES;
				GCC_WARN_ABOUT_RETURN_TYPE = YES_ERROR;
				GCC_WARN_UNDECLARED_SELECTOR = YES;
				GCC_WARN_UNINITIALIZED_AUTOS = YES_AGGRESSIVE;
				GCC_WARN_UNUSED_FUNCTION = YES;
				GCC_WARN_UNUSED_VARIABLE = YES;
				MACOSX_DEPLOYMENT_TARGET = 11.1;
				MTL_ENABLE_DEBUG_INFO = INCLUDE_SOURCE;
				MTL_FAST_MATH = YES;
				ONLY_ACTIVE_ARCH = YES;
				SDKROOT = macosx;
			};
			name = Debug;
		};
		231D06F525B242C000B1E5BE /* Release */ = {
			isa = XCBuildConfiguration;
			buildSettings = {
				ALWAYS_SEARCH_USER_PATHS = NO;
				CLANG_ANALYZER_NONNULL = YES;
				CLANG_ANALYZER_NUMBER_OBJECT_CONVERSION = YES_AGGRESSIVE;
				CLANG_CXX_LANGUAGE_STANDARD = "gnu++14";
				CLANG_CXX_LIBRARY = "libc++";
				CLANG_ENABLE_MODULES = YES;
				CLANG_ENABLE_OBJC_ARC = YES;
				CLANG_ENABLE_OBJC_WEAK = YES;
				CLANG_WARN_BLOCK_CAPTURE_AUTORELEASING = YES;
				CLANG_WARN_BOOL_CONVERSION = YES;
				CLANG_WARN_COMMA = YES;
				CLANG_WARN_CONSTANT_CONVERSION = YES;
				CLANG_WARN_DEPRECATED_OBJC_IMPLEMENTATIONS = YES;
				CLANG_WARN_DIRECT_OBJC_ISA_USAGE = YES_ERROR;
				CLANG_WARN_DOCUMENTATION_COMMENTS = YES;
				CLANG_WARN_EMPTY_BODY = YES;
				CLANG_WARN_ENUM_CONVERSION = YES;
				CLANG_WARN_INFINITE_RECURSION = YES;
				CLANG_WARN_INT_CONVERSION = YES;
				CLANG_WARN_NON_LITERAL_NULL_CONVERSION = YES;
				CLANG_WARN_OBJC_IMPLICIT_RETAIN_SELF = YES;
				CLANG_WARN_OBJC_LITERAL_CONVERSION = YES;
				CLANG_WARN_OBJC_ROOT_CLASS = YES_ERROR;
				CLANG_WARN_QUOTED_INCLUDE_IN_FRAMEWORK_HEADER = YES;
				CLANG_WARN_RANGE_LOOP_ANALYSIS = YES;
				CLANG_WARN_STRICT_PROTOTYPES = YES;
				CLANG_WARN_SUSPICIOUS_MOVE = YES;
				CLANG_WARN_UNGUARDED_AVAILABILITY = YES_AGGRESSIVE;
				CLANG_WARN_UNREACHABLE_CODE = YES;
				CLANG_WARN__DUPLICATE_METHOD_MATCH = YES;
				COPY_PHASE_STRIP = NO;
				DEBUG_INFORMATION_FORMAT = "dwarf-with-dsym";
				ENABLE_NS_ASSERTIONS = NO;
				ENABLE_STRICT_OBJC_MSGSEND = YES;
				GCC_C_LANGUAGE_STANDARD = gnu11;
				GCC_NO_COMMON_BLOCKS = YES;
				GCC_WARN_64_TO_32_BIT_CONVERSION = YES;
				GCC_WARN_ABOUT_RETURN_TYPE = YES_ERROR;
				GCC_WARN_UNDECLARED_SELECTOR = YES;
				GCC_WARN_UNINITIALIZED_AUTOS = YES_AGGRESSIVE;
				GCC_WARN_UNUSED_FUNCTION = YES;
				GCC_WARN_UNUSED_VARIABLE = YES;
				MACOSX_DEPLOYMENT_TARGET = 11.1;
				MTL_ENABLE_DEBUG_INFO = NO;
				MTL_FAST_MATH = YES;
				SDKROOT = macosx;
			};
			name = Release;
		};
		231D06F725B242C000B1E5BE /* Debug */ = {
			isa = XCBuildConfiguration;
			buildSettings = {
				ASSETCATALOG_COMPILER_APPICON_NAME = AppIcon;
				ASSETCATALOG_COMPILER_GLOBAL_ACCENT_COLOR_NAME = AccentColor;
				CODE_SIGN_ENTITLEMENTS = "DSFStepperView ObjC Demo/DSFStepperView_ObjC_Demo.entitlements";
				CODE_SIGN_STYLE = Automatic;
				COMBINE_HIDPI_IMAGES = YES;
				DEVELOPMENT_TEAM = 3L6RK3LGGW;
				ENABLE_HARDENED_RUNTIME = YES;
				INFOPLIST_FILE = "DSFStepperView ObjC Demo/Info.plist";
				LD_RUNPATH_SEARCH_PATHS = (
					"$(inherited)",
					"@executable_path/../Frameworks",
				);
				MACOSX_DEPLOYMENT_TARGET = 10.11;
				PRODUCT_BUNDLE_IDENTIFIER = "com.darrenford.DSFStepperView-ObjC-Demo";
				PRODUCT_NAME = "$(TARGET_NAME)";
			};
			name = Debug;
		};
		231D06F825B242C000B1E5BE /* Release */ = {
			isa = XCBuildConfiguration;
			buildSettings = {
				ASSETCATALOG_COMPILER_APPICON_NAME = AppIcon;
				ASSETCATALOG_COMPILER_GLOBAL_ACCENT_COLOR_NAME = AccentColor;
				CODE_SIGN_ENTITLEMENTS = "DSFStepperView ObjC Demo/DSFStepperView_ObjC_Demo.entitlements";
				CODE_SIGN_STYLE = Automatic;
				COMBINE_HIDPI_IMAGES = YES;
				DEVELOPMENT_TEAM = 3L6RK3LGGW;
				ENABLE_HARDENED_RUNTIME = YES;
				INFOPLIST_FILE = "DSFStepperView ObjC Demo/Info.plist";
				LD_RUNPATH_SEARCH_PATHS = (
					"$(inherited)",
					"@executable_path/../Frameworks",
				);
				MACOSX_DEPLOYMENT_TARGET = 10.11;
				PRODUCT_BUNDLE_IDENTIFIER = "com.darrenford.DSFStepperView-ObjC-Demo";
				PRODUCT_NAME = "$(TARGET_NAME)";
			};
			name = Release;
		};
/* End XCBuildConfiguration section */

/* Begin XCConfigurationList section */
		231D06E025B242C000B1E5BE /* Build configuration list for PBXProject "DSFStepperView ObjC Demo" */ = {
			isa = XCConfigurationList;
			buildConfigurations = (
				231D06F425B242C000B1E5BE /* Debug */,
				231D06F525B242C000B1E5BE /* Release */,
			);
			defaultConfigurationIsVisible = 0;
			defaultConfigurationName = Release;
		};
		231D06F625B242C000B1E5BE /* Build configuration list for PBXNativeTarget "DSFStepperView ObjC Demo" */ = {
			isa = XCConfigurationList;
			buildConfigurations = (
				231D06F725B242C000B1E5BE /* Debug */,
				231D06F825B242C000B1E5BE /* Release */,
			);
			defaultConfigurationIsVisible = 0;
			defaultConfigurationName = Release;
		};
/* End XCConfigurationList section */

/* Begin XCSwiftPackageProductDependency section */
		231D070225B245F800B1E5BE /* DSFStepperView */ = {
			isa = XCSwiftPackageProductDependency;
			productName = DSFStepperView;
		};
/* End XCSwiftPackageProductDependency section */
	};
	rootObject = 231D06DD25B242C000B1E5BE /* Project object */;
}
