{
  "object": {
    "pins": [
      {
        "package": "DSFAppearanceManager",
        "repositoryURL": "https://github.com/dagronf/DSFAppearanceManager",
        "state": {
          "branch": null,
          "revision": "e9add5fdf05fe50950d105c77963b7373ddb5ad4",
          "version": "3.5.1"
        }
      }
    ]
  },
  "version": 1
}
