{
  "object": {
    "pins": [
      {
        "package": "DSFAppearanceManager",
        "repositoryURL": "https://github.com/dagronf/DSFAppearanceManager",
        "state": {
          "branch": null,
          "revision": "3fe782f4b7f0aaceb3949133f15df898aa32a34f",
          "version": "3.5.0"
        }
      }
    ]
  },
  "version": 1
}
